// !$*UTF8*$!
{
	archiveVersion = 1;
	classes = {
	};
	objectVersion = 50;
	objects = {

/* Begin PBXBuildFile section */
		5274219323E935EA0061D203 /* AppDelegate.swift in Sources */ = {isa = PBXBuildFile; fileRef = 5274219223E935EA0061D203 /* AppDelegate.swift */; };
		5274219523E935EA0061D203 /* ViewController.swift in Sources */ = {isa = PBXBuildFile; fileRef = 5274219423E935EA0061D203 /* ViewController.swift */; };
		5274219823E935EA0061D203 /* Main.storyboard in Resources */ = {isa = PBXBuildFile; fileRef = 5274219623E935EA0061D203 /* Main.storyboard */; };
		5274219D23E935EE0061D203 /* LaunchScreen.storyboard in Resources */ = {isa = PBXBuildFile; fileRef = 5274219B23E935EE0061D203 /* LaunchScreen.storyboard */; };
		527421A823E935EE0061D203 /* customCollectionTableViewTests.swift in Sources */ = {isa = PBXBuildFile; fileRef = 527421A723E935EE0061D203 /* customCollectionTableViewTests.swift */; };
		527421B323E935EE0061D203 /* customCollectionTableViewUITests.swift in Sources */ = {isa = PBXBuildFile; fileRef = 527421B223E935EE0061D203 /* customCollectionTableViewUITests.swift */; };
		527421C123E93C860061D203 /* recentplacecollectioncellCollectionViewCell.swift in Sources */ = {isa = PBXBuildFile; fileRef = 527421C023E93C860061D203 /* recentplacecollectioncellCollectionViewCell.swift */; };
		527421C323E947A80061D203 /* visitTableViewCell.swift in Sources */ = {isa = PBXBuildFile; fileRef = 527421C223E947A80061D203 /* visitTableViewCell.swift */; };
		52E565AB23EABD1900A8E9AA /* Assets.xcassets in Resources */ = {isa = PBXBuildFile; fileRef = 52E565AA23EABD1900A8E9AA /* Assets.xcassets */; };
/* End PBXBuildFile section */

/* Begin PBXContainerItemProxy section */
		527421A423E935EE0061D203 /* PBXContainerItemProxy */ = {
			isa = PBXContainerItemProxy;
			containerPortal = 5274218723E935EA0061D203 /* Project object */;
			proxyType = 1;
			remoteGlobalIDString = 5274218E23E935EA0061D203;
			remoteInfo = customCollectionTableView;
		};
		527421AF23E935EE0061D203 /* PBXContainerItemProxy */ = {
			isa = PBXContainerItemProxy;
			containerPortal = 5274218723E935EA0061D203 /* Project object */;
			proxyType = 1;
			remoteGlobalIDString = 5274218E23E935EA0061D203;
			remoteInfo = customCollectionTableView;
		};
/* End PBXContainerItemProxy section */

/* Begin PBXFileReference section */
		5274218F23E935EA0061D203 /* customCollectionTableView.app */ = {isa = PBXFileReference; explicitFileType = wrapper.application; includeInIndex = 0; path = customCollectionTableView.app; sourceTree = BUILT_PRODUCTS_DIR; };
		5274219223E935EA0061D203 /* AppDelegate.swift */ = {isa = PBXFileReference; lastKnownFileType = sourcecode.swift; path = AppDelegate.swift; sourceTree = "<group>"; };
		5274219423E935EA0061D203 /* ViewController.swift */ = {isa = PBXFileReference; lastKnownFileType = sourcecode.swift; path = ViewController.swift; sourceTree = "<group>"; };
		5274219723E935EA0061D203 /* Base */ = {isa = PBXFileReference; lastKnownFileType = file.storyboard; name = Base; path = Base.lproj/Main.storyboard; sourceTree = "<group>"; };
		5274219C23E935EE0061D203 /* Base */ = {isa = PBXFileReference; lastKnownFileType = file.storyboard; name = Base; path = Base.lproj/LaunchScreen.storyboard; sourceTree = "<group>"; };
		5274219E23E935EE0061D203 /* Info.plist */ = {isa = PBXFileReference; lastKnownFileType = text.plist.xml; path = Info.plist; sourceTree = "<group>"; };
		527421A323E935EE0061D203 /* customCollectionTableViewTests.xctest */ = {isa = PBXFileReference; explicitFileType = wrapper.cfbundle; includeInIndex = 0; path = customCollectionTableViewTests.xctest; sourceTree = BUILT_PRODUCTS_DIR; };
		527421A723E935EE0061D203 /* customCollectionTableViewTests.swift */ = {isa = PBXFileReference; lastKnownFileType = sourcecode.swift; path = customCollectionTableViewTests.swift; sourceTree = "<group>"; };
		527421A923E935EE0061D203 /* Info.plist */ = {isa = PBXFileReference; lastKnownFileType = text.plist.xml; path = Info.plist; sourceTree = "<group>"; };
		527421AE23E935EE0061D203 /* customCollectionTableViewUITests.xctest */ = {isa = PBXFileReference; explicitFileType = wrapper.cfbundle; includeInIndex = 0; path = customCollectionTableViewUITests.xctest; sourceTree = BUILT_PRODUCTS_DIR; };
		527421B223E935EE0061D203 /* customCollectionTableViewUITests.swift */ = {isa = PBXFileReference; lastKnownFileType = sourcecode.swift; path = customCollectionTableViewUITests.swift; sourceTree = "<group>"; };
		527421B423E935EE0061D203 /* Info.plist */ = {isa = PBXFileReference; lastKnownFileType = text.plist.xml; path = Info.plist; sourceTree = "<group>"; };
		527421C023E93C860061D203 /* recentplacecollectioncellCollectionViewCell.swift */ = {isa = PBXFileReference; lastKnownFileType = sourcecode.swift; path = recentplacecollectioncellCollectionViewCell.swift; sourceTree = "<group>"; };
		527421C223E947A80061D203 /* visitTableViewCell.swift */ = {isa = PBXFileReference; lastKnownFileType = sourcecode.swift; path = visitTableViewCell.swift; sourceTree = "<group>"; };
		52E565AA23EABD1900A8E9AA /* Assets.xcassets */ = {isa = PBXFileReference; lastKnownFileType = folder.assetcatalog; path = Assets.xcassets; sourceTree = "<group>"; };
/* End PBXFileReference section */

/* Begin PBXFrameworksBuildPhase section */
		5274218C23E935EA0061D203 /* Frameworks */ = {
			isa = PBXFrameworksBuildPhase;
			buildActionMask = 2147483647;
			files = (
			);
			runOnlyForDeploymentPostprocessing = 0;
		};
		527421A023E935EE0061D203 /* Frameworks */ = {
			isa = PBXFrameworksBuildPhase;
			buildActionMask = 2147483647;
			files = (
			);
			runOnlyForDeploymentPostprocessing = 0;
		};
		527421AB23E935EE0061D203 /* Frameworks */ = {
			isa = PBXFrameworksBuildPhase;
			buildActionMask = 2147483647;
			files = (
			);
			runOnlyForDeploymentPostprocessing = 0;
		};
/* End PBXFrameworksBuildPhase section */

/* Begin PBXGroup section */
		5274218623E935EA0061D203 = {
			isa = PBXGroup;
			children = (
				5274219123E935EA0061D203 /* customCollectionTableView */,
				527421A623E935EE0061D203 /* customCollectionTableViewTests */,
				527421B123E935EE0061D203 /* customCollectionTableViewUITests */,
				5274219023E935EA0061D203 /* Products */,
			);
			sourceTree = "<group>";
		};
		5274219023E935EA0061D203 /* Products */ = {
			isa = PBXGroup;
			children = (
				5274218F23E935EA0061D203 /* customCollectionTableView.app */,
				527421A323E935EE0061D203 /* customCollectionTableViewTests.xctest */,
				527421AE23E935EE0061D203 /* customCollectionTableViewUITests.xctest */,
			);
			name = Products;
			sourceTree = "<group>";
		};
		5274219123E935EA0061D203 /* customCollectionTableView */ = {
			isa = PBXGroup;
			children = (
				5274219223E935EA0061D203 /* AppDelegate.swift */,
				5274219423E935EA0061D203 /* ViewController.swift */,
				5274219623E935EA0061D203 /* Main.storyboard */,
				52E565AA23EABD1900A8E9AA /* Assets.xcassets */,
				527421C223E947A80061D203 /* visitTableViewCell.swift */,
				527421C023E93C860061D203 /* recentplacecollectioncellCollectionViewCell.swift */,
				5274219B23E935EE0061D203 /* LaunchScreen.storyboard */,
				5274219E23E935EE0061D203 /* Info.plist */,
			);
			path = customCollectionTableView;
			sourceTree = "<group>";
		};
		527421A623E935EE0061D203 /* customCollectionTableViewTests */ = {
			isa = PBXGroup;
			children = (
				527421A723E935EE0061D203 /* customCollectionTableViewTests.swift */,
				527421A923E935EE0061D203 /* Info.plist */,
			);
			path = customCollectionTableViewTests;
			sourceTree = "<group>";
		};
		527421B123E935EE0061D203 /* customCollectionTableViewUITests */ = {
			isa = PBXGroup;
			children = (
				527421B223E935EE0061D203 /* customCollectionTableViewUITests.swift */,
				527421B423E935EE0061D203 /* Info.plist */,
			);
			path = customCollectionTableViewUITests;
			sourceTree = "<group>";
		};
/* End PBXGroup section */

/* Begin PBXNativeTarget section */
		5274218E23E935EA0061D203 /* customCollectionTableView */ = {
			isa = PBXNativeTarget;
			buildConfigurationList = 527421B723E935EE0061D203 /* Build configuration list for PBXNativeTarget "customCollectionTableView" */;
			buildPhases = (
				5274218B23E935EA0061D203 /* Sources */,
				5274218C23E935EA0061D203 /* Frameworks */,
				5274218D23E935EA0061D203 /* Resources */,
			);
			buildRules = (
			);
			dependencies = (
			);
			name = customCollectionTableView;
			productName = customCollectionTableView;
			productReference = 5274218F23E935EA0061D203 /* customCollectionTableView.app */;
			productType = "com.apple.product-type.application";
		};
		527421A223E935EE0061D203 /* customCollectionTableViewTests */ = {
			isa = PBXNativeTarget;
			buildConfigurationList = 527421BA23E935EE0061D203 /* Build configuration list for PBXNativeTarget "customCollectionTableViewTests" */;
			buildPhases = (
				5274219F23E935EE0061D203 /* Sources */,
				527421A023E935EE0061D203 /* Frameworks */,
				527421A123E935EE0061D203 /* Resources */,
			);
			buildRules = (
			);
			dependencies = (
				527421A523E935EE0061D203 /* PBXTargetDependency */,
			);
			name = customCollectionTableViewTests;
			productName = customCollectionTableViewTests;
			productReference = 527421A323E935EE0061D203 /* customCollectionTableViewTests.xctest */;
			productType = "com.apple.product-type.bundle.unit-test";
		};
		527421AD23E935EE0061D203 /* customCollectionTableViewUITests */ = {
			isa = PBXNativeTarget;
			buildConfigurationList = 527421BD23E935EE0061D203 /* Build configuration list for PBXNativeTarget "customCollectionTableViewUITests" */;
			buildPhases = (
				527421AA23E935EE0061D203 /* Sources */,
				527421AB23E935EE0061D203 /* Frameworks */,
				527421AC23E935EE0061D203 /* Resources */,
			);
			buildRules = (
			);
			dependencies = (
				527421B023E935EE0061D203 /* PBXTargetDependency */,
			);
			name = customCollectionTableViewUITests;
			productName = customCollectionTableViewUITests;
			productReference = 527421AE23E935EE0061D203 /* customCollectionTableViewUITests.xctest */;
			productType = "com.apple.product-type.bundle.ui-testing";
		};
/* End PBXNativeTarget section */

/* Begin PBXProject section */
		5274218723E935EA0061D203 /* Project object */ = {
			isa = PBXProject;
			attributes = {
				LastSwiftUpdateCheck = 1030;
				LastUpgradeCheck = 1030;
				ORGANIZATIONNAME = Dorin;
				TargetAttributes = {
					5274218E23E935EA0061D203 = {
						CreatedOnToolsVersion = 10.3;
					};
					527421A223E935EE0061D203 = {
						CreatedOnToolsVersion = 10.3;
						TestTargetID = 5274218E23E935EA0061D203;
					};
					527421AD23E935EE0061D203 = {
						CreatedOnToolsVersion = 10.3;
						TestTargetID = 5274218E23E935EA0061D203;
					};
				};
			};
			buildConfigurationList = 5274218A23E935EA0061D203 /* Build configuration list for PBXProject "customCollectionTableView" */;
			compatibilityVersion = "Xcode 9.3";
			developmentRegion = en;
			hasScannedForEncodings = 0;
			knownRegions = (
				en,
				Base,
			);
			mainGroup = 5274218623E935EA0061D203;
			productRefGroup = 5274219023E935EA0061D203 /* Products */;
			projectDirPath = "";
			projectRoot = "";
			targets = (
				5274218E23E935EA0061D203 /* customCollectionTableView */,
				527421A223E935EE0061D203 /* customCollectionTableViewTests */,
				527421AD23E935EE0061D203 /* customCollectionTableViewUITests */,
			);
		};
/* End PBXProject section */

/* Begin PBXResourcesBuildPhase section */
		5274218D23E935EA0061D203 /* Resources */ = {
			isa = PBXResourcesBuildPhase;
			buildActionMask = 2147483647;
			files = (
				5274219D23E935EE0061D203 /* LaunchScreen.storyboard in Resources */,
				52E565AB23EABD1900A8E9AA /* Assets.xcassets in Resources */,
				5274219823E935EA0061D203 /* Main.storyboard in Resources */,
			);
			runOnlyForDeploymentPostprocessing = 0;
		};
		527421A123E935EE0061D203 /* Resources */ = {
			isa = PBXResourcesBuildPhase;
			buildActionMask = 2147483647;
			files = (
			);
			runOnlyForDeploymentPostprocessing = 0;
		};
		527421AC23E935EE0061D203 /* Resources */ = {
			isa = PBXResourcesBuildPhase;
			buildActionMask = 2147483647;
			files = (
			);
			runOnlyForDeploymentPostprocessing = 0;
		};
/* End PBXResourcesBuildPhase section */

/* Begin PBXSourcesBuildPhase section */
		5274218B23E935EA0061D203 /* Sources */ = {
			isa = PBXSourcesBuildPhase;
			buildActionMask = 2147483647;
			files = (
				527421C123E93C860061D203 /* recentplacecollectioncellCollectionViewCell.swift in Sources */,
				527421C323E947A80061D203 /* visitTableViewCell.swift in Sources */,
				5274219523E935EA0061D203 /* ViewController.swift in Sources */,
				5274219323E935EA0061D203 /* AppDelegate.swift in Sources */,
			);
			runOnlyForDeploymentPostprocessing = 0;
		};
		5274219F23E935EE0061D203 /* Sources */ = {
			isa = PBXSourcesBuildPhase;
			buildActionMask = 2147483647;
			files = (
				527421A823E935EE0061D203 /* customCollectionTableViewTests.swift in Sources */,
			);
			runOnlyForDeploymentPostprocessing = 0;
		};
		527421AA23E935EE0061D203 /* Sources */ = {
			isa = PBXSourcesBuildPhase;
			buildActionMask = 2147483647;
			files = (
				527421B323E935EE0061D203 /* customCollectionTableViewUITests.swift in Sources */,
			);
			runOnlyForDeploymentPostprocessing = 0;
		};
/* End PBXSourcesBuildPhase section */

/* Begin PBXTargetDependency section */
		527421A523E935EE0061D203 /* PBXTargetDependency */ = {
			isa = PBXTargetDependency;
			target = 5274218E23E935EA0061D203 /* customCollectionTableView */;
			targetProxy = 527421A423E935EE0061D203 /* PBXContainerItemProxy */;
		};
		527421B023E935EE0061D203 /* PBXTargetDependency */ = {
			isa = PBXTargetDependency;
			target = 5274218E23E935EA0061D203 /* customCollectionTableView */;
			targetProxy = 527421AF23E935EE0061D203 /* PBXContainerItemProxy */;
		};
/* End PBXTargetDependency section */

/* Begin PBXVariantGroup section */
		5274219623E935EA0061D203 /* Main.storyboard */ = {
			isa = PBXVariantGroup;
			children = (
				5274219723E935EA0061D203 /* Base */,
			);
			name = Main.storyboard;
			sourceTree = "<group>";
		};
		5274219B23E935EE0061D203 /* LaunchScreen.storyboard */ = {
			isa = PBXVariantGroup;
			children = (
				5274219C23E935EE0061D203 /* Base */,
			);
			name = LaunchScreen.storyboard;
			sourceTree = "<group>";
		};
/* End PBXVariantGroup section */

/* Begin XCBuildConfiguration section */
		527421B523E935EE0061D203 /* Debug */ = {
			isa = XCBuildConfiguration;
			buildSettings = {
				ALWAYS_SEARCH_USER_PATHS = NO;
				CLANG_ANALYZER_NONNULL = YES;
				CLANG_ANALYZER_NUMBER_OBJECT_CONVERSION = YES_AGGRESSIVE;
				CLANG_CXX_LANGUAGE_STANDARD = "gnu++14";
				CLANG_CXX_LIBRARY = "libc++";
				CLANG_ENABLE_MODULES = YES;
				CLANG_ENABLE_OBJC_ARC = YES;
				CLANG_ENABLE_OBJC_WEAK = YES;
				CLANG_WARN_BLOCK_CAPTURE_AUTORELEASING = YES;
				CLANG_WARN_BOOL_CONVERSION = YES;
				CLANG_WARN_COMMA = YES;
				CLANG_WARN_CONSTANT_CONVERSION = YES;
				CLANG_WARN_DEPRECATED_OBJC_IMPLEMENTATIONS = YES;
				CLANG_WARN_DIRECT_OBJC_ISA_USAGE = YES_ERROR;
				CLANG_WARN_DOCUMENTATION_COMMENTS = YES;
				CLANG_WARN_EMPTY_BODY = YES;
				CLANG_WARN_ENUM_CONVERSION = YES;
				CLANG_WARN_INFINITE_RECURSION = YES;
				CLANG_WARN_INT_CONVERSION = YES;
				CLANG_WARN_NON_LITERAL_NULL_CONVERSION = YES;
				CLANG_WARN_OBJC_IMPLICIT_RETAIN_SELF = YES;
				CLANG_WARN_OBJC_LITERAL_CONVERSION = YES;
				CLANG_WARN_OBJC_ROOT_CLASS = YES_ERROR;
				CLANG_WARN_RANGE_LOOP_ANALYSIS = YES;
				CLANG_WARN_STRICT_PROTOTYPES = YES;
				CLANG_WARN_SUSPICIOUS_MOVE = YES;
				CLANG_WARN_UNGUARDED_AVAILABILITY = YES_AGGRESSIVE;
				CLANG_WARN_UNREACHABLE_CODE = YES;
				CLANG_WARN__DUPLICATE_METHOD_MATCH = YES;
				CODE_SIGN_IDENTITY = "iPhone Developer";
				COPY_PHASE_STRIP = NO;
				DEBUG_INFORMATION_FORMAT = dwarf;
				ENABLE_STRICT_OBJC_MSGSEND = YES;
				ENABLE_TESTABILITY = YES;
				GCC_C_LANGUAGE_STANDARD = gnu11;
				GCC_DYNAMIC_NO_PIC = NO;
				GCC_NO_COMMON_BLOCKS = YES;
				GCC_OPTIMIZATION_LEVEL = 0;
				GCC_PREPROCESSOR_DEFINITIONS = (
					"DEBUG=1",
					"$(inherited)",
				);
				GCC_WARN_64_TO_32_BIT_CONVERSION = YES;
				GCC_WARN_ABOUT_RETURN_TYPE = YES_ERROR;
				GCC_WARN_UNDECLARED_SELECTOR = YES;
				GCC_WARN_UNINITIALIZED_AUTOS = YES_AGGRESSIVE;
				GCC_WARN_UNUSED_FUNCTION = YES;
				GCC_WARN_UNUSED_VARIABLE = YES;
				IPHONEOS_DEPLOYMENT_TARGET = 12.4;
				MTL_ENABLE_DEBUG_INFO = INCLUDE_SOURCE;
				MTL_FAST_MATH = YES;
				ONLY_ACTIVE_ARCH = YES;
				SDKROOT = iphoneos;
				SWIFT_ACTIVE_COMPILATION_CONDITIONS = DEBUG;
				SWIFT_OPTIMIZATION_LEVEL = "-Onone";
			};
			name = Debug;
		};
		527421B623E935EE0061D203 /* Release */ = {
			isa = XCBuildConfiguration;
			buildSettings = {
				ALWAYS_SEARCH_USER_PATHS = NO;
				CLANG_ANALYZER_NONNULL = YES;
				CLANG_ANALYZER_NUMBER_OBJECT_CONVERSION = YES_AGGRESSIVE;
				CLANG_CXX_LANGUAGE_STANDARD = "gnu++14";
				CLANG_CXX_LIBRARY = "libc++";
				CLANG_ENABLE_MODULES = YES;
				CLANG_ENABLE_OBJC_ARC = YES;
				CLANG_ENABLE_OBJC_WEAK = YES;
				CLANG_WARN_BLOCK_CAPTURE_AUTORELEASING = YES;
				CLANG_WARN_BOOL_CONVERSION = YES;
				CLANG_WARN_COMMA = YES;
				CLANG_WARN_CONSTANT_CONVERSION = YES;
				CLANG_WARN_DEPRECATED_OBJC_IMPLEMENTATIONS = YES;
				CLANG_WARN_DIRECT_OBJC_ISA_USAGE = YES_ERROR;
				CLANG_WARN_DOCUMENTATION_COMMENTS = YES;
				CLANG_WARN_EMPTY_BODY = YES;
				CLANG_WARN_ENUM_CONVERSION = YES;
				CLANG_WARN_INFINITE_RECURSION = YES;
				CLANG_WARN_INT_CONVERSION = YES;
				CLANG_WARN_NON_LITERAL_NULL_CONVERSION = YES;
				CLANG_WARN_OBJC_IMPLICIT_RETAIN_SELF = YES;
				CLANG_WARN_OBJC_LITERAL_CONVERSION = YES;
				CLANG_WARN_OBJC_ROOT_CLASS = YES_ERROR;
				CLANG_WARN_RANGE_LOOP_ANALYSIS = YES;
				CLANG_WARN_STRICT_PROTOTYPES = YES;
				CLANG_WARN_SUSPICIOUS_MOVE = YES;
				CLANG_WARN_UNGUARDED_AVAILABILITY = YES_AGGRESSIVE;
				CLANG_WARN_UNREACHABLE_CODE = YES;
				CLANG_WARN__DUPLICATE_METHOD_MATCH = YES;
				CODE_SIGN_IDENTITY = "iPhone Developer";
				COPY_PHASE_STRIP = NO;
				DEBUG_INFORMATION_FORMAT = "dwarf-with-dsym";
				ENABLE_NS_ASSERTIONS = NO;
				ENABLE_STRICT_OBJC_MSGSEND = YES;
				GCC_C_LANGUAGE_STANDARD = gnu11;
				GCC_NO_COMMON_BLOCKS = YES;
				GCC_WARN_64_TO_32_BIT_CONVERSION = YES;
				GCC_WARN_ABOUT_RETURN_TYPE = YES_ERROR;
				GCC_WARN_UNDECLARED_SELECTOR = YES;
				GCC_WARN_UNINITIALIZED_AUTOS = YES_AGGRESSIVE;
				GCC_WARN_UNUSED_FUNCTION = YES;
				GCC_WARN_UNUSED_VARIABLE = YES;
				IPHONEOS_DEPLOYMENT_TARGET = 12.4;
				MTL_ENABLE_DEBUG_INFO = NO;
				MTL_FAST_MATH = YES;
				SDKROOT = iphoneos;
				SWIFT_COMPILATION_MODE = wholemodule;
				SWIFT_OPTIMIZATION_LEVEL = "-O";
				VALIDATE_PRODUCT = YES;
			};
			name = Release;
		};
		527421B823E935EE0061D203 /* Debug */ = {
			isa = XCBuildConfiguration;
			buildSettings = {
				ASSETCATALOG_COMPILER_APPICON_NAME = AppIcon;
				CODE_SIGN_STYLE = Automatic;
				INFOPLIST_FILE = customCollectionTableView/Info.plist;
				LD_RUNPATH_SEARCH_PATHS = (
					"$(inherited)",
					"@executable_path/Frameworks",
				);
				PRODUCT_BUNDLE_IDENTIFIER = ADT.customCollectionTableView;
				PRODUCT_NAME = "$(TARGET_NAME)";
				SWIFT_VERSION = 5.0;
				TARGETED_DEVICE_FAMILY = "1,2";
			};
			name = Debug;
		};
		527421B923E935EE0061D203 /* Release */ = {
			isa = XCBuildConfiguration;
			buildSettings = {
				ASSETCATALOG_COMPILER_APPICON_NAME = AppIcon;
				CODE_SIGN_STYLE = Automatic;
				INFOPLIST_FILE = customCollectionTableView/Info.plist;
				LD_RUNPATH_SEARCH_PATHS = (
					"$(inherited)",
					"@executable_path/Frameworks",
				);
				PRODUCT_BUNDLE_IDENTIFIER = ADT.customCollectionTableView;
				PRODUCT_NAME = "$(TARGET_NAME)";
				SWIFT_VERSION = 5.0;
				TARGETED_DEVICE_FAMILY = "1,2";
			};
			name = Release;
		};
		527421BB23E935EE0061D203 /* Debug */ = {
			isa = XCBuildConfiguration;
			buildSettings = {
				ALWAYS_EMBED_SWIFT_STANDARD_LIBRARIES = YES;
				BUNDLE_LOADER = "$(TEST_HOST)";
				CODE_SIGN_STYLE = Automatic;
				INFOPLIST_FILE = customCollectionTableViewTests/Info.plist;
				LD_RUNPATH_SEARCH_PATHS = (
					"$(inherited)",
					"@executable_path/Frameworks",
					"@loader_path/Frameworks",
				);
				PRODUCT_BUNDLE_IDENTIFIER = ADT.customCollectionTableViewTests;
				PRODUCT_NAME = "$(TARGET_NAME)";
				SWIFT_VERSION = 5.0;
				TARGETED_DEVICE_FAMILY = "1,2";
				TEST_HOST = "$(BUILT_PRODUCTS_DIR)/customCollectionTableView.app/customCollectionTableView";
			};
			name = Debug;
		};
		527421BC23E935EE0061D203 /* Release */ = {
			isa = XCBuildConfiguration;
			buildSettings = {
				ALWAYS_EMBED_SWIFT_STANDARD_LIBRARIES = YES;
				BUNDLE_LOADER = "$(TEST_HOST)";
				CODE_SIGN_STYLE = Automatic;
				INFOPLIST_FILE = customCollectionTableViewTests/Info.plist;
				LD_RUNPATH_SEARCH_PATHS = (
					"$(inherited)",
					"@executable_path/Frameworks",
					"@loader_path/Frameworks",
				);
				PRODUCT_BUNDLE_IDENTIFIER = ADT.customCollectionTableViewTests;
				PRODUCT_NAME = "$(TARGET_NAME)";
				SWIFT_VERSION = 5.0;
				TARGETED_DEVICE_FAMILY = "1,2";
				TEST_HOST = "$(BUILT_PRODUCTS_DIR)/customCollectionTableView.app/customCollectionTableView";
			};
			name = Release;
		};
		527421BE23E935EE0061D203 /* Debug */ = {
			isa = XCBuildConfiguration;
			buildSettings = {
				ALWAYS_EMBED_SWIFT_STANDARD_LIBRARIES = YES;
				CODE_SIGN_STYLE = Automatic;
				INFOPLIST_FILE = customCollectionTableViewUITests/Info.plist;
				LD_RUNPATH_SEARCH_PATHS = (
					"$(inherited)",
					"@executable_path/Frameworks",
					"@loader_path/Frameworks",
				);
				PRODUCT_BUNDLE_IDENTIFIER = ADT.customCollectionTableViewUITests;
				PRODUCT_NAME = "$(TARGET_NAME)";
				SWIFT_VERSION = 5.0;
				TARGETED_DEVICE_FAMILY = "1,2";
				TEST_TARGET_NAME = customCollectionTableView;
			};
			name = Debug;
		};
		527421BF23E935EE0061D203 /* Release */ = {
			isa = XCBuildConfiguration;
			buildSettings = {
				ALWAYS_EMBED_SWIFT_STANDARD_LIBRARIES = YES;
				CODE_SIGN_STYLE = Automatic;
				INFOPLIST_FILE = customCollectionTableViewUITests/Info.plist;
				LD_RUNPATH_SEARCH_PATHS = (
					"$(inherited)",
					"@executable_path/Frameworks",
					"@loader_path/Frameworks",
				);
				PRODUCT_BUNDLE_IDENTIFIER = ADT.customCollectionTableViewUITests;
				PRODUCT_NAME = "$(TARGET_NAME)";
				SWIFT_VERSION = 5.0;
				TARGETED_DEVICE_FAMILY = "1,2";
				TEST_TARGET_NAME = customCollectionTableView;
			};
			name = Release;
		};
/* End XCBuildConfiguration section */

/* Begin XCConfigurationList section */
		5274218A23E935EA0061D203 /* Build configuration list for PBXProject "customCollectionTableView" */ = {
			isa = XCConfigurationList;
			buildConfigurations = (
				527421B523E935EE0061D203 /* Debug */,
				527421B623E935EE0061D203 /* Release */,
			);
			defaultConfigurationIsVisible = 0;
			defaultConfigurationName = Release;
		};
		527421B723E935EE0061D203 /* Build configuration list for PBXNativeTarget "customCollectionTableView" */ = {
			isa = XCConfigurationList;
			buildConfigurations = (
				527421B823E935EE0061D203 /* Debug */,
				527421B923E935EE0061D203 /* Release */,
			);
			defaultConfigurationIsVisible = 0;
			defaultConfigurationName = Release;
		};
		527421BA23E935EE0061D203 /* Build configuration list for PBXNativeTarget "customCollectionTableViewTests" */ = {
			isa = XCConfigurationList;
			buildConfigurations = (
				527421BB23E935EE0061D203 /* Debug */,
				527421BC23E935EE0061D203 /* Release */,
			);
			defaultConfigurationIsVisible = 0;
			defaultConfigurationName = Release;
		};
		527421BD23E935EE0061D203 /* Build configuration list for PBXNativeTarget "customCollectionTableViewUITests" */ = {
			isa = XCConfigurationList;
			buildConfigurations = (
				527421BE23E935EE0061D203 /* Debug */,
				527421BF23E935EE0061D203 /* Release */,
			);
			defaultConfigurationIsVisible = 0;
			defaultConfigurationName = Release;
		};
/* End XCConfigurationList section */
	};
	rootObject = 5274218723E935EA0061D203 /* Project object */;
}
