// !$*UTF8*$!
{
	archiveVersion = 1;
	classes = {
	};
	objectVersion = 50;
	objects = {

/* Begin PBXBuildFile section */
		5206806323E1445B002CB401 /* visitTableViewCell.swift in Sources */ = {isa = PBXBuildFile; fileRef = 5206806223E1445B002CB401 /* visitTableViewCell.swift */; };
		520F5C1723E7F577003DCF4F /* Main.storyboard in Resources */ = {isa = PBXBuildFile; fileRef = 520F5C1523E7F577003DCF4F /* Main.storyboard */; };
		52BCA26423DFFC0500DC3035 /* AppDelegate.swift in Sources */ = {isa = PBXBuildFile; fileRef = 52BCA26323DFFC0500DC3035 /* AppDelegate.swift */; };
		52BCA26623DFFC0500DC3035 /* ViewController.swift in Sources */ = {isa = PBXBuildFile; fileRef = 52BCA26523DFFC0500DC3035 /* ViewController.swift */; };
		52BCA26B23DFFC0600DC3035 /* Assets.xcassets in Resources */ = {isa = PBXBuildFile; fileRef = 52BCA26A23DFFC0600DC3035 /* Assets.xcassets */; };
		52BCA26E23DFFC0600DC3035 /* LaunchScreen.storyboard in Resources */ = {isa = PBXBuildFile; fileRef = 52BCA26C23DFFC0600DC3035 /* LaunchScreen.storyboard */; };
		52BCA27923DFFC0600DC3035 /* VisitedPageTests.swift in Sources */ = {isa = PBXBuildFile; fileRef = 52BCA27823DFFC0600DC3035 /* VisitedPageTests.swift */; };
		52BCA28423DFFC0600DC3035 /* VisitedPageUITests.swift in Sources */ = {isa = PBXBuildFile; fileRef = 52BCA28323DFFC0600DC3035 /* VisitedPageUITests.swift */; };
		52BCA29223E0380400DC3035 /* recentplacecollectioncellCollectionViewCell.swift in Sources */ = {isa = PBXBuildFile; fileRef = 52BCA29123E0380400DC3035 /* recentplacecollectioncellCollectionViewCell.swift */; };
/* End PBXBuildFile section */

/* Begin PBXContainerItemProxy section */
		52BCA27523DFFC0600DC3035 /* PBXContainerItemProxy */ = {
			isa = PBXContainerItemProxy;
			containerPortal = 52BCA25823DFFC0500DC3035 /* Project object */;
			proxyType = 1;
			remoteGlobalIDString = 52BCA25F23DFFC0500DC3035;
			remoteInfo = VisitedPage;
		};
		52BCA28023DFFC0600DC3035 /* PBXContainerItemProxy */ = {
			isa = PBXContainerItemProxy;
			containerPortal = 52BCA25823DFFC0500DC3035 /* Project object */;
			proxyType = 1;
			remoteGlobalIDString = 52BCA25F23DFFC0500DC3035;
			remoteInfo = VisitedPage;
		};
/* End PBXContainerItemProxy section */

/* Begin PBXFileReference section */
		5206806223E1445B002CB401 /* visitTableViewCell.swift */ = {isa = PBXFileReference; lastKnownFileType = sourcecode.swift; path = visitTableViewCell.swift; sourceTree = "<group>"; };
		520F5C1623E7F577003DCF4F /* Base */ = {isa = PBXFileReference; lastKnownFileType = file.storyboard; name = Base; path = Base.lproj/Main.storyboard; sourceTree = "<group>"; };
		52BCA26023DFFC0500DC3035 /* VisitedPage.app */ = {isa = PBXFileReference; explicitFileType = wrapper.application; includeInIndex = 0; path = VisitedPage.app; sourceTree = BUILT_PRODUCTS_DIR; };
		52BCA26323DFFC0500DC3035 /* AppDelegate.swift */ = {isa = PBXFileReference; lastKnownFileType = sourcecode.swift; path = AppDelegate.swift; sourceTree = "<group>"; };
		52BCA26523DFFC0500DC3035 /* ViewController.swift */ = {isa = PBXFileReference; lastKnownFileType = sourcecode.swift; path = ViewController.swift; sourceTree = "<group>"; };
		52BCA26A23DFFC0600DC3035 /* Assets.xcassets */ = {isa = PBXFileReference; lastKnownFileType = folder.assetcatalog; path = Assets.xcassets; sourceTree = "<group>"; };
		52BCA26D23DFFC0600DC3035 /* Base */ = {isa = PBXFileReference; lastKnownFileType = file.storyboard; name = Base; path = Base.lproj/LaunchScreen.storyboard; sourceTree = "<group>"; };
		52BCA26F23DFFC0600DC3035 /* Info.plist */ = {isa = PBXFileReference; lastKnownFileType = text.plist.xml; path = Info.plist; sourceTree = "<group>"; };
		52BCA27423DFFC0600DC3035 /* VisitedPageTests.xctest */ = {isa = PBXFileReference; explicitFileType = wrapper.cfbundle; includeInIndex = 0; path = VisitedPageTests.xctest; sourceTree = BUILT_PRODUCTS_DIR; };
		52BCA27823DFFC0600DC3035 /* VisitedPageTests.swift */ = {isa = PBXFileReference; lastKnownFileType = sourcecode.swift; path = VisitedPageTests.swift; sourceTree = "<group>"; };
		52BCA27A23DFFC0600DC3035 /* Info.plist */ = {isa = PBXFileReference; lastKnownFileType = text.plist.xml; path = Info.plist; sourceTree = "<group>"; };
		52BCA27F23DFFC0600DC3035 /* VisitedPageUITests.xctest */ = {isa = PBXFileReference; explicitFileType = wrapper.cfbundle; includeInIndex = 0; path = VisitedPageUITests.xctest; sourceTree = BUILT_PRODUCTS_DIR; };
		52BCA28323DFFC0600DC3035 /* VisitedPageUITests.swift */ = {isa = PBXFileReference; lastKnownFileType = sourcecode.swift; path = VisitedPageUITests.swift; sourceTree = "<group>"; };
		52BCA28523DFFC0600DC3035 /* Info.plist */ = {isa = PBXFileReference; lastKnownFileType = text.plist.xml; path = Info.plist; sourceTree = "<group>"; };
		52BCA29123E0380400DC3035 /* recentplacecollectioncellCollectionViewCell.swift */ = {isa = PBXFileReference; lastKnownFileType = sourcecode.swift; path = recentplacecollectioncellCollectionViewCell.swift; sourceTree = "<group>"; };
/* End PBXFileReference section */

/* Begin PBXFrameworksBuildPhase section */
		52BCA25D23DFFC0500DC3035 /* Frameworks */ = {
			isa = PBXFrameworksBuildPhase;
			buildActionMask = 2147483647;
			files = (
			);
			runOnlyForDeploymentPostprocessing = 0;
		};
		52BCA27123DFFC0600DC3035 /* Frameworks */ = {
			isa = PBXFrameworksBuildPhase;
			buildActionMask = 2147483647;
			files = (
			);
			runOnlyForDeploymentPostprocessing = 0;
		};
		52BCA27C23DFFC0600DC3035 /* Frameworks */ = {
			isa = PBXFrameworksBuildPhase;
			buildActionMask = 2147483647;
			files = (
			);
			runOnlyForDeploymentPostprocessing = 0;
		};
/* End PBXFrameworksBuildPhase section */

/* Begin PBXGroup section */
		52BCA25723DFFC0500DC3035 = {
			isa = PBXGroup;
			children = (
				52BCA26223DFFC0500DC3035 /* VisitedPage */,
				52BCA27723DFFC0600DC3035 /* VisitedPageTests */,
				52BCA28223DFFC0600DC3035 /* VisitedPageUITests */,
				52BCA26123DFFC0500DC3035 /* Products */,
			);
			sourceTree = "<group>";
		};
		52BCA26123DFFC0500DC3035 /* Products */ = {
			isa = PBXGroup;
			children = (
				52BCA26023DFFC0500DC3035 /* VisitedPage.app */,
				52BCA27423DFFC0600DC3035 /* VisitedPageTests.xctest */,
				52BCA27F23DFFC0600DC3035 /* VisitedPageUITests.xctest */,
			);
			name = Products;
			sourceTree = "<group>";
		};
		52BCA26223DFFC0500DC3035 /* VisitedPage */ = {
			isa = PBXGroup;
			children = (
				52BCA26323DFFC0500DC3035 /* AppDelegate.swift */,
				52BCA26523DFFC0500DC3035 /* ViewController.swift */,
				5206806223E1445B002CB401 /* visitTableViewCell.swift */,
				52BCA29123E0380400DC3035 /* recentplacecollectioncellCollectionViewCell.swift */,
				52BCA26A23DFFC0600DC3035 /* Assets.xcassets */,
				520F5C1523E7F577003DCF4F /* Main.storyboard */,
				52BCA26C23DFFC0600DC3035 /* LaunchScreen.storyboard */,
				52BCA26F23DFFC0600DC3035 /* Info.plist */,
			);
			path = VisitedPage;
			sourceTree = "<group>";
		};
		52BCA27723DFFC0600DC3035 /* VisitedPageTests */ = {
			isa = PBXGroup;
			children = (
				52BCA27823DFFC0600DC3035 /* VisitedPageTests.swift */,
				52BCA27A23DFFC0600DC3035 /* Info.plist */,
			);
			path = VisitedPageTests;
			sourceTree = "<group>";
		};
		52BCA28223DFFC0600DC3035 /* VisitedPageUITests */ = {
			isa = PBXGroup;
			children = (
				52BCA28323DFFC0600DC3035 /* VisitedPageUITests.swift */,
				52BCA28523DFFC0600DC3035 /* Info.plist */,
			);
			path = VisitedPageUITests;
			sourceTree = "<group>";
		};
/* End PBXGroup section */

/* Begin PBXNativeTarget section */
		52BCA25F23DFFC0500DC3035 /* VisitedPage */ = {
			isa = PBXNativeTarget;
			buildConfigurationList = 52BCA28823DFFC0600DC3035 /* Build configuration list for PBXNativeTarget "VisitedPage" */;
			buildPhases = (
				52BCA25C23DFFC0500DC3035 /* Sources */,
				52BCA25D23DFFC0500DC3035 /* Frameworks */,
				52BCA25E23DFFC0500DC3035 /* Resources */,
			);
			buildRules = (
			);
			dependencies = (
			);
			name = VisitedPage;
			productName = VisitedPage;
			productReference = 52BCA26023DFFC0500DC3035 /* VisitedPage.app */;
			productType = "com.apple.product-type.application";
		};
		52BCA27323DFFC0600DC3035 /* VisitedPageTests */ = {
			isa = PBXNativeTarget;
			buildConfigurationList = 52BCA28B23DFFC0600DC3035 /* Build configuration list for PBXNativeTarget "VisitedPageTests" */;
			buildPhases = (
				52BCA27023DFFC0600DC3035 /* Sources */,
				52BCA27123DFFC0600DC3035 /* Frameworks */,
				52BCA27223DFFC0600DC3035 /* Resources */,
			);
			buildRules = (
			);
			dependencies = (
				52BCA27623DFFC0600DC3035 /* PBXTargetDependency */,
			);
			name = VisitedPageTests;
			productName = VisitedPageTests;
			productReference = 52BCA27423DFFC0600DC3035 /* VisitedPageTests.xctest */;
			productType = "com.apple.product-type.bundle.unit-test";
		};
		52BCA27E23DFFC0600DC3035 /* VisitedPageUITests */ = {
			isa = PBXNativeTarget;
			buildConfigurationList = 52BCA28E23DFFC0600DC3035 /* Build configuration list for PBXNativeTarget "VisitedPageUITests" */;
			buildPhases = (
				52BCA27B23DFFC0600DC3035 /* Sources */,
				52BCA27C23DFFC0600DC3035 /* Frameworks */,
				52BCA27D23DFFC0600DC3035 /* Resources */,
			);
			buildRules = (
			);
			dependencies = (
				52BCA28123DFFC0600DC3035 /* PBXTargetDependency */,
			);
			name = VisitedPageUITests;
			productName = VisitedPageUITests;
			productReference = 52BCA27F23DFFC0600DC3035 /* VisitedPageUITests.xctest */;
			productType = "com.apple.product-type.bundle.ui-testing";
		};
/* End PBXNativeTarget section */

/* Begin PBXProject section */
		52BCA25823DFFC0500DC3035 /* Project object */ = {
			isa = PBXProject;
			attributes = {
				LastSwiftUpdateCheck = 1030;
				LastUpgradeCheck = 1030;
				ORGANIZATIONNAME = Dorin;
				TargetAttributes = {
					52BCA25F23DFFC0500DC3035 = {
						CreatedOnToolsVersion = 10.3;
					};
					52BCA27323DFFC0600DC3035 = {
						CreatedOnToolsVersion = 10.3;
						TestTargetID = 52BCA25F23DFFC0500DC3035;
					};
					52BCA27E23DFFC0600DC3035 = {
						CreatedOnToolsVersion = 10.3;
						TestTargetID = 52BCA25F23DFFC0500DC3035;
					};
				};
			};
			buildConfigurationList = 52BCA25B23DFFC0500DC3035 /* Build configuration list for PBXProject "VisitedPage" */;
			compatibilityVersion = "Xcode 9.3";
			developmentRegion = en;
			hasScannedForEncodings = 0;
			knownRegions = (
				en,
				Base,
			);
			mainGroup = 52BCA25723DFFC0500DC3035;
			productRefGroup = 52BCA26123DFFC0500DC3035 /* Products */;
			projectDirPath = "";
			projectRoot = "";
			targets = (
				52BCA25F23DFFC0500DC3035 /* VisitedPage */,
				52BCA27323DFFC0600DC3035 /* VisitedPageTests */,
				52BCA27E23DFFC0600DC3035 /* VisitedPageUITests */,
			);
		};
/* End PBXProject section */

/* Begin PBXResourcesBuildPhase section */
		52BCA25E23DFFC0500DC3035 /* Resources */ = {
			isa = PBXResourcesBuildPhase;
			buildActionMask = 2147483647;
			files = (
				52BCA26E23DFFC0600DC3035 /* LaunchScreen.storyboard in Resources */,
				52BCA26B23DFFC0600DC3035 /* Assets.xcassets in Resources */,
				520F5C1723E7F577003DCF4F /* Main.storyboard in Resources */,
			);
			runOnlyForDeploymentPostprocessing = 0;
		};
		52BCA27223DFFC0600DC3035 /* Resources */ = {
			isa = PBXResourcesBuildPhase;
			buildActionMask = 2147483647;
			files = (
			);
			runOnlyForDeploymentPostprocessing = 0;
		};
		52BCA27D23DFFC0600DC3035 /* Resources */ = {
			isa = PBXResourcesBuildPhase;
			buildActionMask = 2147483647;
			files = (
			);
			runOnlyForDeploymentPostprocessing = 0;
		};
/* End PBXResourcesBuildPhase section */

/* Begin PBXSourcesBuildPhase section */
		52BCA25C23DFFC0500DC3035 /* Sources */ = {
			isa = PBXSourcesBuildPhase;
			buildActionMask = 2147483647;
			files = (
				52BCA29223E0380400DC3035 /* recentplacecollectioncellCollectionViewCell.swift in Sources */,
				5206806323E1445B002CB401 /* visitTableViewCell.swift in Sources */,
				52BCA26623DFFC0500DC3035 /* ViewController.swift in Sources */,
				52BCA26423DFFC0500DC3035 /* AppDelegate.swift in Sources */,
			);
			runOnlyForDeploymentPostprocessing = 0;
		};
		52BCA27023DFFC0600DC3035 /* Sources */ = {
			isa = PBXSourcesBuildPhase;
			buildActionMask = 2147483647;
			files = (
				52BCA27923DFFC0600DC3035 /* VisitedPageTests.swift in Sources */,
			);
			runOnlyForDeploymentPostprocessing = 0;
		};
		52BCA27B23DFFC0600DC3035 /* Sources */ = {
			isa = PBXSourcesBuildPhase;
			buildActionMask = 2147483647;
			files = (
				52BCA28423DFFC0600DC3035 /* VisitedPageUITests.swift in Sources */,
			);
			runOnlyForDeploymentPostprocessing = 0;
		};
/* End PBXSourcesBuildPhase section */

/* Begin PBXTargetDependency section */
		52BCA27623DFFC0600DC3035 /* PBXTargetDependency */ = {
			isa = PBXTargetDependency;
			target = 52BCA25F23DFFC0500DC3035 /* VisitedPage */;
			targetProxy = 52BCA27523DFFC0600DC3035 /* PBXContainerItemProxy */;
		};
		52BCA28123DFFC0600DC3035 /* PBXTargetDependency */ = {
			isa = PBXTargetDependency;
			target = 52BCA25F23DFFC0500DC3035 /* VisitedPage */;
			targetProxy = 52BCA28023DFFC0600DC3035 /* PBXContainerItemProxy */;
		};
/* End PBXTargetDependency section */

/* Begin PBXVariantGroup section */
		520F5C1523E7F577003DCF4F /* Main.storyboard */ = {
			isa = PBXVariantGroup;
			children = (
				520F5C1623E7F577003DCF4F /* Base */,
			);
			name = Main.storyboard;
			sourceTree = "<group>";
		};
		52BCA26C23DFFC0600DC3035 /* LaunchScreen.storyboard */ = {
			isa = PBXVariantGroup;
			children = (
				52BCA26D23DFFC0600DC3035 /* Base */,
			);
			name = LaunchScreen.storyboard;
			sourceTree = "<group>";
		};
/* End PBXVariantGroup section */

/* Begin XCBuildConfiguration section */
		52BCA28623DFFC0600DC3035 /* Debug */ = {
			isa = XCBuildConfiguration;
			buildSettings = {
				ALWAYS_SEARCH_USER_PATHS = NO;
				CLANG_ANALYZER_NONNULL = YES;
				CLANG_ANALYZER_NUMBER_OBJECT_CONVERSION = YES_AGGRESSIVE;
				CLANG_CXX_LANGUAGE_STANDARD = "gnu++14";
				CLANG_CXX_LIBRARY = "libc++";
				CLANG_ENABLE_MODULES = YES;
				CLANG_ENABLE_OBJC_ARC = YES;
				CLANG_ENABLE_OBJC_WEAK = YES;
				CLANG_WARN_BLOCK_CAPTURE_AUTORELEASING = YES;
				CLANG_WARN_BOOL_CONVERSION = YES;
				CLANG_WARN_COMMA = YES;
				CLANG_WARN_CONSTANT_CONVERSION = YES;
				CLANG_WARN_DEPRECATED_OBJC_IMPLEMENTATIONS = YES;
				CLANG_WARN_DIRECT_OBJC_ISA_USAGE = YES_ERROR;
				CLANG_WARN_DOCUMENTATION_COMMENTS = YES;
				CLANG_WARN_EMPTY_BODY = YES;
				CLANG_WARN_ENUM_CONVERSION = YES;
				CLANG_WARN_INFINITE_RECURSION = YES;
				CLANG_WARN_INT_CONVERSION = YES;
				CLANG_WARN_NON_LITERAL_NULL_CONVERSION = YES;
				CLANG_WARN_OBJC_IMPLICIT_RETAIN_SELF = YES;
				CLANG_WARN_OBJC_LITERAL_CONVERSION = YES;
				CLANG_WARN_OBJC_ROOT_CLASS = YES_ERROR;
				CLANG_WARN_RANGE_LOOP_ANALYSIS = YES;
				CLANG_WARN_STRICT_PROTOTYPES = YES;
				CLANG_WARN_SUSPICIOUS_MOVE = YES;
				CLANG_WARN_UNGUARDED_AVAILABILITY = YES_AGGRESSIVE;
				CLANG_WARN_UNREACHABLE_CODE = YES;
				CLANG_WARN__DUPLICATE_METHOD_MATCH = YES;
				CODE_SIGN_IDENTITY = "iPhone Developer";
				COPY_PHASE_STRIP = NO;
				DEBUG_INFORMATION_FORMAT = dwarf;
				ENABLE_STRICT_OBJC_MSGSEND = YES;
				ENABLE_TESTABILITY = YES;
				GCC_C_LANGUAGE_STANDARD = gnu11;
				GCC_DYNAMIC_NO_PIC = NO;
				GCC_NO_COMMON_BLOCKS = YES;
				GCC_OPTIMIZATION_LEVEL = 0;
				GCC_PREPROCESSOR_DEFINITIONS = (
					"DEBUG=1",
					"$(inherited)",
				);
				GCC_WARN_64_TO_32_BIT_CONVERSION = YES;
				GCC_WARN_ABOUT_RETURN_TYPE = YES_ERROR;
				GCC_WARN_UNDECLARED_SELECTOR = YES;
				GCC_WARN_UNINITIALIZED_AUTOS = YES_AGGRESSIVE;
				GCC_WARN_UNUSED_FUNCTION = YES;
				GCC_WARN_UNUSED_VARIABLE = YES;
				IPHONEOS_DEPLOYMENT_TARGET = 12.4;
				MTL_ENABLE_DEBUG_INFO = INCLUDE_SOURCE;
				MTL_FAST_MATH = YES;
				ONLY_ACTIVE_ARCH = YES;
				SDKROOT = iphoneos;
				SWIFT_ACTIVE_COMPILATION_CONDITIONS = DEBUG;
				SWIFT_OPTIMIZATION_LEVEL = "-Onone";
			};
			name = Debug;
		};
		52BCA28723DFFC0600DC3035 /* Release */ = {
			isa = XCBuildConfiguration;
			buildSettings = {
				ALWAYS_SEARCH_USER_PATHS = NO;
				CLANG_ANALYZER_NONNULL = YES;
				CLANG_ANALYZER_NUMBER_OBJECT_CONVERSION = YES_AGGRESSIVE;
				CLANG_CXX_LANGUAGE_STANDARD = "gnu++14";
				CLANG_CXX_LIBRARY = "libc++";
				CLANG_ENABLE_MODULES = YES;
				CLANG_ENABLE_OBJC_ARC = YES;
				CLANG_ENABLE_OBJC_WEAK = YES;
				CLANG_WARN_BLOCK_CAPTURE_AUTORELEASING = YES;
				CLANG_WARN_BOOL_CONVERSION = YES;
				CLANG_WARN_COMMA = YES;
				CLANG_WARN_CONSTANT_CONVERSION = YES;
				CLANG_WARN_DEPRECATED_OBJC_IMPLEMENTATIONS = YES;
				CLANG_WARN_DIRECT_OBJC_ISA_USAGE = YES_ERROR;
				CLANG_WARN_DOCUMENTATION_COMMENTS = YES;
				CLANG_WARN_EMPTY_BODY = YES;
				CLANG_WARN_ENUM_CONVERSION = YES;
				CLANG_WARN_INFINITE_RECURSION = YES;
				CLANG_WARN_INT_CONVERSION = YES;
				CLANG_WARN_NON_LITERAL_NULL_CONVERSION = YES;
				CLANG_WARN_OBJC_IMPLICIT_RETAIN_SELF = YES;
				CLANG_WARN_OBJC_LITERAL_CONVERSION = YES;
				CLANG_WARN_OBJC_ROOT_CLASS = YES_ERROR;
				CLANG_WARN_RANGE_LOOP_ANALYSIS = YES;
				CLANG_WARN_STRICT_PROTOTYPES = YES;
				CLANG_WARN_SUSPICIOUS_MOVE = YES;
				CLANG_WARN_UNGUARDED_AVAILABILITY = YES_AGGRESSIVE;
				CLANG_WARN_UNREACHABLE_CODE = YES;
				CLANG_WARN__DUPLICATE_METHOD_MATCH = YES;
				CODE_SIGN_IDENTITY = "iPhone Developer";
				COPY_PHASE_STRIP = NO;
				DEBUG_INFORMATION_FORMAT = "dwarf-with-dsym";
				ENABLE_NS_ASSERTIONS = NO;
				ENABLE_STRICT_OBJC_MSGSEND = YES;
				GCC_C_LANGUAGE_STANDARD = gnu11;
				GCC_NO_COMMON_BLOCKS = YES;
				GCC_WARN_64_TO_32_BIT_CONVERSION = YES;
				GCC_WARN_ABOUT_RETURN_TYPE = YES_ERROR;
				GCC_WARN_UNDECLARED_SELECTOR = YES;
				GCC_WARN_UNINITIALIZED_AUTOS = YES_AGGRESSIVE;
				GCC_WARN_UNUSED_FUNCTION = YES;
				GCC_WARN_UNUSED_VARIABLE = YES;
				IPHONEOS_DEPLOYMENT_TARGET = 12.4;
				MTL_ENABLE_DEBUG_INFO = NO;
				MTL_FAST_MATH = YES;
				SDKROOT = iphoneos;
				SWIFT_COMPILATION_MODE = wholemodule;
				SWIFT_OPTIMIZATION_LEVEL = "-O";
				VALIDATE_PRODUCT = YES;
			};
			name = Release;
		};
		52BCA28923DFFC0600DC3035 /* Debug */ = {
			isa = XCBuildConfiguration;
			buildSettings = {
				ASSETCATALOG_COMPILER_APPICON_NAME = AppIcon;
				CODE_SIGN_STYLE = Automatic;
				INFOPLIST_FILE = VisitedPage/Info.plist;
				LD_RUNPATH_SEARCH_PATHS = (
					"$(inherited)",
					"@executable_path/Frameworks",
				);
				PRODUCT_BUNDLE_IDENTIFIER = ADT.VisitedPage;
				PRODUCT_NAME = "$(TARGET_NAME)";
				SWIFT_VERSION = 5.0;
				TARGETED_DEVICE_FAMILY = "1,2";
			};
			name = Debug;
		};
		52BCA28A23DFFC0600DC3035 /* Release */ = {
			isa = XCBuildConfiguration;
			buildSettings = {
				ASSETCATALOG_COMPILER_APPICON_NAME = AppIcon;
				CODE_SIGN_STYLE = Automatic;
				INFOPLIST_FILE = VisitedPage/Info.plist;
				LD_RUNPATH_SEARCH_PATHS = (
					"$(inherited)",
					"@executable_path/Frameworks",
				);
				PRODUCT_BUNDLE_IDENTIFIER = ADT.VisitedPage;
				PRODUCT_NAME = "$(TARGET_NAME)";
				SWIFT_VERSION = 5.0;
				TARGETED_DEVICE_FAMILY = "1,2";
			};
			name = Release;
		};
		52BCA28C23DFFC0600DC3035 /* Debug */ = {
			isa = XCBuildConfiguration;
			buildSettings = {
				ALWAYS_EMBED_SWIFT_STANDARD_LIBRARIES = YES;
				BUNDLE_LOADER = "$(TEST_HOST)";
				CODE_SIGN_STYLE = Automatic;
				INFOPLIST_FILE = VisitedPageTests/Info.plist;
				LD_RUNPATH_SEARCH_PATHS = (
					"$(inherited)",
					"@executable_path/Frameworks",
					"@loader_path/Frameworks",
				);
				PRODUCT_BUNDLE_IDENTIFIER = ADT.VisitedPageTests;
				PRODUCT_NAME = "$(TARGET_NAME)";
				SWIFT_VERSION = 5.0;
				TARGETED_DEVICE_FAMILY = "1,2";
				TEST_HOST = "$(BUILT_PRODUCTS_DIR)/VisitedPage.app/VisitedPage";
			};
			name = Debug;
		};
		52BCA28D23DFFC0600DC3035 /* Release */ = {
			isa = XCBuildConfiguration;
			buildSettings = {
				ALWAYS_EMBED_SWIFT_STANDARD_LIBRARIES = YES;
				BUNDLE_LOADER = "$(TEST_HOST)";
				CODE_SIGN_STYLE = Automatic;
				INFOPLIST_FILE = VisitedPageTests/Info.plist;
				LD_RUNPATH_SEARCH_PATHS = (
					"$(inherited)",
					"@executable_path/Frameworks",
					"@loader_path/Frameworks",
				);
				PRODUCT_BUNDLE_IDENTIFIER = ADT.VisitedPageTests;
				PRODUCT_NAME = "$(TARGET_NAME)";
				SWIFT_VERSION = 5.0;
				TARGETED_DEVICE_FAMILY = "1,2";
				TEST_HOST = "$(BUILT_PRODUCTS_DIR)/VisitedPage.app/VisitedPage";
			};
			name = Release;
		};
		52BCA28F23DFFC0600DC3035 /* Debug */ = {
			isa = XCBuildConfiguration;
			buildSettings = {
				ALWAYS_EMBED_SWIFT_STANDARD_LIBRARIES = YES;
				CODE_SIGN_STYLE = Automatic;
				INFOPLIST_FILE = VisitedPageUITests/Info.plist;
				LD_RUNPATH_SEARCH_PATHS = (
					"$(inherited)",
					"@executable_path/Frameworks",
					"@loader_path/Frameworks",
				);
				PRODUCT_BUNDLE_IDENTIFIER = ADT.VisitedPageUITests;
				PRODUCT_NAME = "$(TARGET_NAME)";
				SWIFT_VERSION = 5.0;
				TARGETED_DEVICE_FAMILY = "1,2";
				TEST_TARGET_NAME = VisitedPage;
			};
			name = Debug;
		};
		52BCA29023DFFC0600DC3035 /* Release */ = {
			isa = XCBuildConfiguration;
			buildSettings = {
				ALWAYS_EMBED_SWIFT_STANDARD_LIBRARIES = YES;
				CODE_SIGN_STYLE = Automatic;
				INFOPLIST_FILE = VisitedPageUITests/Info.plist;
				LD_RUNPATH_SEARCH_PATHS = (
					"$(inherited)",
					"@executable_path/Frameworks",
					"@loader_path/Frameworks",
				);
				PRODUCT_BUNDLE_IDENTIFIER = ADT.VisitedPageUITests;
				PRODUCT_NAME = "$(TARGET_NAME)";
				SWIFT_VERSION = 5.0;
				TARGETED_DEVICE_FAMILY = "1,2";
				TEST_TARGET_NAME = VisitedPage;
			};
			name = Release;
		};
/* End XCBuildConfiguration section */

/* Begin XCConfigurationList section */
		52BCA25B23DFFC0500DC3035 /* Build configuration list for PBXProject "VisitedPage" */ = {
			isa = XCConfigurationList;
			buildConfigurations = (
				52BCA28623DFFC0600DC3035 /* Debug */,
				52BCA28723DFFC0600DC3035 /* Release */,
			);
			defaultConfigurationIsVisible = 0;
			defaultConfigurationName = Release;
		};
		52BCA28823DFFC0600DC3035 /* Build configuration list for PBXNativeTarget "VisitedPage" */ = {
			isa = XCConfigurationList;
			buildConfigurations = (
				52BCA28923DFFC0600DC3035 /* Debug */,
				52BCA28A23DFFC0600DC3035 /* Release */,
			);
			defaultConfigurationIsVisible = 0;
			defaultConfigurationName = Release;
		};
		52BCA28B23DFFC0600DC3035 /* Build configuration list for PBXNativeTarget "VisitedPageTests" */ = {
			isa = XCConfigurationList;
			buildConfigurations = (
				52BCA28C23DFFC0600DC3035 /* Debug */,
				52BCA28D23DFFC0600DC3035 /* Release */,
			);
			defaultConfigurationIsVisible = 0;
			defaultConfigurationName = Release;
		};
		52BCA28E23DFFC0600DC3035 /* Build configuration list for PBXNativeTarget "VisitedPageUITests" */ = {
			isa = XCConfigurationList;
			buildConfigurations = (
				52BCA28F23DFFC0600DC3035 /* Debug */,
				52BCA29023DFFC0600DC3035 /* Release */,
			);
			defaultConfigurationIsVisible = 0;
			defaultConfigurationName = Release;
		};
/* End XCConfigurationList section */
	};
	rootObject = 52BCA25823DFFC0500DC3035 /* Project object */;
}
